
Microsoft Visual Studio Solution File, Format Version 12.00
# Visual Studio Version 17
VisualStudioVersion = 17.8.34525.116
MinimumVisualStudioVersion = 10.0.40219.1
Project("{FAE04EC0-301F-11D3-BF4B-00C04F79EFBC}") = "App5", "App5\App5.csproj", "{80230E83-CF3E-4826-B0D4-2B979775282F}"
EndProject
Global
	GlobalSection(SolutionConfigurationPlatforms) = preSolution
		Debug|Any CPU = Debug|Any CPU
		Release|Any CPU = Release|Any CPU
	EndGlobalSection
	GlobalSection(ProjectConfigurationPlatforms) = postSolution
		{80230E83-CF3E-4826-B0D4-2B979775282F}.Debug|Any CPU.ActiveCfg = Debug|Any CPU
		{80230E83-CF3E-4826-B0D4-2B979775282F}.Debug|Any CPU.Build.0 = Debug|Any CPU
		{80230E83-CF3E-4826-B0D4-2B979775282F}.Release|Any CPU.ActiveCfg = Release|Any CPU
		{80230E83-CF3E-4826-B0D4-2B979775282F}.Release|Any CPU.Build.0 = Release|Any CPU
	EndGlobalSection
	GlobalSection(SolutionProperties) = preSolution
		HideSolutionNode = FALSE
	EndGlobalSection
	GlobalSection(ExtensibilityGlobals) = postSolution
		SolutionGuid = {5A1595CE-DD93-4E08-A5D1-C18B40155302}
	EndGlobalSection
EndGlobal
